# This file was autogenerated by Stack.
# You should not edit this file by hand.
# For more information, please see the documentation at:
#   https://docs.haskellstack.org/en/stable/lock_files

packages:
- completed:
    hackage: hakyll-4.14.1.0@sha256:3afc2e60d14388792dfaf3592d489e21fd48a0abd47f0dbfbf9ab7ec25e582cd,9290
    pantry-tree:
      size: 8490
      sha256: f5242fdbfbed08b7374055b5236dfff8220a964563e3268eadd8a0c7b1cb5d8a
  original:
    hackage: hakyll-4.14.1.0
snapshots:
- completed:
    size: 586120
    url: https://raw.githubusercontent.com/commercialhaskell/stackage-snapshots/master/lts/18/22.yaml
    sha256: f9970d6f25c63e3e4265aa8e9c69a047ba8919d1107e4996bdd7555b75aad0eb
  original:
    url: https://raw.githubusercontent.com/commercialhaskell/stackage-snapshots/master/lts/18/22.yaml
