# This file was autogenerated by Stack.
# You should not edit this file by hand.
# For more information, please see the documentation at:
#   https://docs.haskellstack.org/en/stable/lock_files

packages:
- completed:
    hackage: hakyll-4.15.1.1@sha256:9a7c2b88c0df02adeb6c08fee8cf9ae1dd3ffcc5809ae941e4c2a1747df12cc1,9924
    pantry-tree:
      size: 8861
      sha256: 5f0b6e83e4d17854c9a4d828be5b75338be5b1b42f61cc56cd9763320c407a4f
  original:
    hackage: hakyll-4.15.1.1
snapshots:
- completed:
    size: 618506
    url: https://raw.githubusercontent.com/commercialhaskell/stackage-snapshots/master/lts/19/8.yaml
    sha256: f1c4aca9b9b81afbb9db55571acb0690cdc01ac97a178234de281f9dc075e95e
  original: lts-19.8
